Microsoft Visual Studio Solution File, Format Version 8.00
Project("{FAE04EC0-301F-11D3-BF4B-00C04F79EFBC}") = "MiniCSharp", "MiniCSharp.csproj", "{B9EF9C29-670A-4586-88F5-345EA38005F8}"
	ProjectSection(ProjectDependencies) = postProject
	EndProjectSection
EndProject
Global
	GlobalSection(SolutionConfiguration) = preSolution
		Debug = Debug
		Release = Release
	EndGlobalSection
	GlobalSection(ProjectConfiguration) = postSolution
		{B9EF9C29-670A-4586-88F5-345EA38005F8}.Debug.ActiveCfg = Debug|.NET
		{B9EF9C29-670A-4586-88F5-345EA38005F8}.Debug.Build.0 = Debug|.NET
		{B9EF9C29-670A-4586-88F5-345EA38005F8}.Release.ActiveCfg = Release|.NET
		{B9EF9C29-670A-4586-88F5-345EA38005F8}.Release.Build.0 = Release|.NET
	EndGlobalSection
	GlobalSection(ExtensibilityGlobals) = postSolution
	EndGlobalSection
	GlobalSection(ExtensibilityAddIns) = postSolution
	EndGlobalSection
EndGlobal
